// !$*UTF8*$!
{
	archiveVersion = 1;
	classes = {
	};
	objectVersion = 51;
	objects = {

/* Begin PBXBuildFile section */
		1B776E6E8B96B1AE5E43B6BB /* Pods_flixterTests.framework in Frameworks */ = {isa = PBXBuildFile; fileRef = 6EB4BC3604BA0D37AE7A941E /* Pods_flixterTests.framework */; };
		27152234261BF47A00E5F03C /* MovieDetailsViewController.swift in Sources */ = {isa = PBXBuildFile; fileRef = 27152233261BF47A00E5F03C /* MovieDetailsViewController.swift */; };
		27152239261E4A1600E5F03C /* MovieGridViewController.swift in Sources */ = {isa = PBXBuildFile; fileRef = 27152238261E4A1600E5F03C /* MovieGridViewController.swift */; };
		2715223E261E50B800E5F03C /* MovieGridCell.swift in Sources */ = {isa = PBXBuildFile; fileRef = 2715223D261E50B800E5F03C /* MovieGridCell.swift */; };
		277FD986261A33BF007A8D9A /* AppDelegate.swift in Sources */ = {isa = PBXBuildFile; fileRef = 277FD985261A33BF007A8D9A /* AppDelegate.swift */; };
		277FD988261A33BF007A8D9A /* SceneDelegate.swift in Sources */ = {isa = PBXBuildFile; fileRef = 277FD987261A33BF007A8D9A /* SceneDelegate.swift */; };
		277FD98D261A33BF007A8D9A /* Main.storyboard in Resources */ = {isa = PBXBuildFile; fileRef = 277FD98B261A33BF007A8D9A /* Main.storyboard */; };
		277FD98F261A33CC007A8D9A /* Assets.xcassets in Resources */ = {isa = PBXBuildFile; fileRef = 277FD98E261A33CC007A8D9A /* Assets.xcassets */; };
		277FD992261A33CC007A8D9A /* LaunchScreen.storyboard in Resources */ = {isa = PBXBuildFile; fileRef = 277FD990261A33CC007A8D9A /* LaunchScreen.storyboard */; };
		277FD99D261A33CC007A8D9A /* flixterTests.swift in Sources */ = {isa = PBXBuildFile; fileRef = 277FD99C261A33CC007A8D9A /* flixterTests.swift */; };
		277FD9A8261A33CC007A8D9A /* flixterUITests.swift in Sources */ = {isa = PBXBuildFile; fileRef = 277FD9A7261A33CC007A8D9A /* flixterUITests.swift */; };
		277FD9BC261A363C007A8D9A /* MoviesViewController.swift in Sources */ = {isa = PBXBuildFile; fileRef = 277FD9BB261A363C007A8D9A /* MoviesViewController.swift */; };
		277FD9C4261A5739007A8D9A /* MovieCell.swift in Sources */ = {isa = PBXBuildFile; fileRef = 277FD9C3261A5739007A8D9A /* MovieCell.swift */; };
		85066CD84B39A05B0AFF0F2C /* Pods_flixter_flixterUITests.framework in Frameworks */ = {isa = PBXBuildFile; fileRef = 6E8E70A2BCCD254C58BEADEF /* Pods_flixter_flixterUITests.framework */; };
		ADA7931C6FF8979956B67C95 /* Pods_flixter.framework in Frameworks */ = {isa = PBXBuildFile; fileRef = 62F187501F4FD8EEA730F242 /* Pods_flixter.framework */; };
/* End PBXBuildFile section */

/* Begin PBXContainerItemProxy section */
		277FD999261A33CC007A8D9A /* PBXContainerItemProxy */ = {
			isa = PBXContainerItemProxy;
			containerPortal = 277FD97A261A33BF007A8D9A /* Project object */;
			proxyType = 1;
			remoteGlobalIDString = 277FD981261A33BF007A8D9A;
			remoteInfo = flixter;
		};
		277FD9A4261A33CC007A8D9A /* PBXContainerItemProxy */ = {
			isa = PBXContainerItemProxy;
			containerPortal = 277FD97A261A33BF007A8D9A /* Project object */;
			proxyType = 1;
			remoteGlobalIDString = 277FD981261A33BF007A8D9A;
			remoteInfo = flixter;
		};
/* End PBXContainerItemProxy section */

/* Begin PBXFileReference section */
		27152233261BF47A00E5F03C /* MovieDetailsViewController.swift */ = {isa = PBXFileReference; lastKnownFileType = sourcecode.swift; path = MovieDetailsViewController.swift; sourceTree = "<group>"; };
		27152238261E4A1600E5F03C /* MovieGridViewController.swift */ = {isa = PBXFileReference; lastKnownFileType = sourcecode.swift; path = MovieGridViewController.swift; sourceTree = "<group>"; };
		2715223D261E50B800E5F03C /* MovieGridCell.swift */ = {isa = PBXFileReference; lastKnownFileType = sourcecode.swift; path = MovieGridCell.swift; sourceTree = "<group>"; };
		277FD982261A33BF007A8D9A /* flixter.app */ = {isa = PBXFileReference; explicitFileType = wrapper.application; includeInIndex = 0; path = flixter.app; sourceTree = BUILT_PRODUCTS_DIR; };
		277FD985261A33BF007A8D9A /* AppDelegate.swift */ = {isa = PBXFileReference; lastKnownFileType = sourcecode.swift; path = AppDelegate.swift; sourceTree = "<group>"; };
		277FD987261A33BF007A8D9A /* SceneDelegate.swift */ = {isa = PBXFileReference; lastKnownFileType = sourcecode.swift; path = SceneDelegate.swift; sourceTree = "<group>"; };
		277FD98C261A33BF007A8D9A /* Base */ = {isa = PBXFileReference; lastKnownFileType = file.storyboard; name = Base; path = Base.lproj/Main.storyboard; sourceTree = "<group>"; };
		277FD98E261A33CC007A8D9A /* Assets.xcassets */ = {isa = PBXFileReference; lastKnownFileType = folder.assetcatalog; path = Assets.xcassets; sourceTree = "<group>"; };
		277FD991261A33CC007A8D9A /* Base */ = {isa = PBXFileReference; lastKnownFileType = file.storyboard; name = Base; path = Base.lproj/LaunchScreen.storyboard; sourceTree = "<group>"; };
		277FD993261A33CC007A8D9A /* Info.plist */ = {isa = PBXFileReference; lastKnownFileType = text.plist.xml; path = Info.plist; sourceTree = "<group>"; };
		277FD998261A33CC007A8D9A /* flixterTests.xctest */ = {isa = PBXFileReference; explicitFileType = wrapper.cfbundle; includeInIndex = 0; path = flixterTests.xctest; sourceTree = BUILT_PRODUCTS_DIR; };
		277FD99C261A33CC007A8D9A /* flixterTests.swift */ = {isa = PBXFileReference; lastKnownFileType = sourcecode.swift; path = flixterTests.swift; sourceTree = "<group>"; };
		277FD99E261A33CC007A8D9A /* Info.plist */ = {isa = PBXFileReference; lastKnownFileType = text.plist.xml; path = Info.plist; sourceTree = "<group>"; };
		277FD9A3261A33CC007A8D9A /* flixterUITests.xctest */ = {isa = PBXFileReference; explicitFileType = wrapper.cfbundle; includeInIndex = 0; path = flixterUITests.xctest; sourceTree = BUILT_PRODUCTS_DIR; };
		277FD9A7261A33CC007A8D9A /* flixterUITests.swift */ = {isa = PBXFileReference; lastKnownFileType = sourcecode.swift; path = flixterUITests.swift; sourceTree = "<group>"; };
		277FD9A9261A33CC007A8D9A /* Info.plist */ = {isa = PBXFileReference; lastKnownFileType = text.plist.xml; path = Info.plist; sourceTree = "<group>"; };
		277FD9BB261A363C007A8D9A /* MoviesViewController.swift */ = {isa = PBXFileReference; lastKnownFileType = sourcecode.swift; path = MoviesViewController.swift; sourceTree = "<group>"; };
		277FD9C3261A5739007A8D9A /* MovieCell.swift */ = {isa = PBXFileReference; lastKnownFileType = sourcecode.swift; path = MovieCell.swift; sourceTree = "<group>"; };
		403782357FA2869CB5C6293C /* Pods-flixterTests.release.xcconfig */ = {isa = PBXFileReference; includeInIndex = 1; lastKnownFileType = text.xcconfig; name = "Pods-flixterTests.release.xcconfig"; path = "Target Support Files/Pods-flixterTests/Pods-flixterTests.release.xcconfig"; sourceTree = "<group>"; };
		4227C588018BAEF5527766A8 /* Pods-flixter-flixterUITests.debug.xcconfig */ = {isa = PBXFileReference; includeInIndex = 1; lastKnownFileType = text.xcconfig; name = "Pods-flixter-flixterUITests.debug.xcconfig"; path = "Target Support Files/Pods-flixter-flixterUITests/Pods-flixter-flixterUITests.debug.xcconfig"; sourceTree = "<group>"; };
		5BAF2742F126B20388009945 /* Pods-flixter.debug.xcconfig */ = {isa = PBXFileReference; includeInIndex = 1; lastKnownFileType = text.xcconfig; name = "Pods-flixter.debug.xcconfig"; path = "Target Support Files/Pods-flixter/Pods-flixter.debug.xcconfig"; sourceTree = "<group>"; };
		62F187501F4FD8EEA730F242 /* Pods_flixter.framework */ = {isa = PBXFileReference; explicitFileType = wrapper.framework; includeInIndex = 0; path = Pods_flixter.framework; sourceTree = BUILT_PRODUCTS_DIR; };
		6E8E70A2BCCD254C58BEADEF /* Pods_flixter_flixterUITests.framework */ = {isa = PBXFileReference; explicitFileType = wrapper.framework; includeInIndex = 0; path = Pods_flixter_flixterUITests.framework; sourceTree = BUILT_PRODUCTS_DIR; };
		6EB4BC3604BA0D37AE7A941E /* Pods_flixterTests.framework */ = {isa = PBXFileReference; explicitFileType = wrapper.framework; includeInIndex = 0; path = Pods_flixterTests.framework; sourceTree = BUILT_PRODUCTS_DIR; };
		7056328638CD8CA9AC0B460B /* Pods-flixter.release.xcconfig */ = {isa = PBXFileReference; includeInIndex = 1; lastKnownFileType = text.xcconfig; name = "Pods-flixter.release.xcconfig"; path = "Target Support Files/Pods-flixter/Pods-flixter.release.xcconfig"; sourceTree = "<group>"; };
		8D6CAFFE60FE925970146C25 /* Pods-flixter-flixterUITests.release.xcconfig */ = {isa = PBXFileReference; includeInIndex = 1; lastKnownFileType = text.xcconfig; name = "Pods-flixter-flixterUITests.release.xcconfig"; path = "Target Support Files/Pods-flixter-flixterUITests/Pods-flixter-flixterUITests.release.xcconfig"; sourceTree = "<group>"; };
		943C435B9D82678C7ED1E824 /* Pods-flixterTests.debug.xcconfig */ = {isa = PBXFileReference; includeInIndex = 1; lastKnownFileType = text.xcconfig; name = "Pods-flixterTests.debug.xcconfig"; path = "Target Support Files/Pods-flixterTests/Pods-flixterTests.debug.xcconfig"; sourceTree = "<group>"; };
/* End PBXFileReference section */

/* Begin PBXFrameworksBuildPhase section */
		277FD97F261A33BF007A8D9A /* Frameworks */ = {
			isa = PBXFrameworksBuildPhase;
			buildActionMask = 2147483647;
			files = (
				ADA7931C6FF8979956B67C95 /* Pods_flixter.framework in Frameworks */,
			);
			runOnlyForDeploymentPostprocessing = 0;
		};
		277FD995261A33CC007A8D9A /* Frameworks */ = {
			isa = PBXFrameworksBuildPhase;
			buildActionMask = 2147483647;
			files = (
				1B776E6E8B96B1AE5E43B6BB /* Pods_flixterTests.framework in Frameworks */,
			);
			runOnlyForDeploymentPostprocessing = 0;
		};
		277FD9A0261A33CC007A8D9A /* Frameworks */ = {
			isa = PBXFrameworksBuildPhase;
			buildActionMask = 2147483647;
			files = (
				85066CD84B39A05B0AFF0F2C /* Pods_flixter_flixterUITests.framework in Frameworks */,
			);
			runOnlyForDeploymentPostprocessing = 0;
		};
/* End PBXFrameworksBuildPhase section */

/* Begin PBXGroup section */
		277FD979261A33BF007A8D9A = {
			isa = PBXGroup;
			children = (
				277FD984261A33BF007A8D9A /* flixter */,
				277FD99B261A33CC007A8D9A /* flixterTests */,
				277FD9A6261A33CC007A8D9A /* flixterUITests */,
				277FD983261A33BF007A8D9A /* Products */,
				D1C9170BFE19861C2D4CD792 /* Pods */,
				35B6AFA81B3177DE9A3CE456 /* Frameworks */,
			);
			sourceTree = "<group>";
		};
		277FD983261A33BF007A8D9A /* Products */ = {
			isa = PBXGroup;
			children = (
				277FD982261A33BF007A8D9A /* flixter.app */,
				277FD998261A33CC007A8D9A /* flixterTests.xctest */,
				277FD9A3261A33CC007A8D9A /* flixterUITests.xctest */,
			);
			name = Products;
			sourceTree = "<group>";
		};
		277FD984261A33BF007A8D9A /* flixter */ = {
			isa = PBXGroup;
			children = (
				277FD985261A33BF007A8D9A /* AppDelegate.swift */,
				277FD987261A33BF007A8D9A /* SceneDelegate.swift */,
				277FD98E261A33CC007A8D9A /* Assets.xcassets */,
				277FD990261A33CC007A8D9A /* LaunchScreen.storyboard */,
				277FD993261A33CC007A8D9A /* Info.plist */,
				277FD98B261A33BF007A8D9A /* Main.storyboard */,
				277FD9BB261A363C007A8D9A /* MoviesViewController.swift */,
				277FD9C3261A5739007A8D9A /* MovieCell.swift */,
				27152233261BF47A00E5F03C /* MovieDetailsViewController.swift */,
				27152238261E4A1600E5F03C /* MovieGridViewController.swift */,
				2715223D261E50B800E5F03C /* MovieGridCell.swift */,
			);
			path = flixter;
			sourceTree = "<group>";
		};
		277FD99B261A33CC007A8D9A /* flixterTests */ = {
			isa = PBXGroup;
			children = (
				277FD99C261A33CC007A8D9A /* flixterTests.swift */,
				277FD99E261A33CC007A8D9A /* Info.plist */,
			);
			path = flixterTests;
			sourceTree = "<group>";
		};
		277FD9A6261A33CC007A8D9A /* flixterUITests */ = {
			isa = PBXGroup;
			children = (
				277FD9A7261A33CC007A8D9A /* flixterUITests.swift */,
				277FD9A9261A33CC007A8D9A /* Info.plist */,
			);
			path = flixterUITests;
			sourceTree = "<group>";
		};
		35B6AFA81B3177DE9A3CE456 /* Frameworks */ = {
			isa = PBXGroup;
			children = (
				62F187501F4FD8EEA730F242 /* Pods_flixter.framework */,
				6E8E70A2BCCD254C58BEADEF /* Pods_flixter_flixterUITests.framework */,
				6EB4BC3604BA0D37AE7A941E /* Pods_flixterTests.framework */,
			);
			name = Frameworks;
			sourceTree = "<group>";
		};
		D1C9170BFE19861C2D4CD792 /* Pods */ = {
			isa = PBXGroup;
			children = (
				5BAF2742F126B20388009945 /* Pods-flixter.debug.xcconfig */,
				7056328638CD8CA9AC0B460B /* Pods-flixter.release.xcconfig */,
				4227C588018BAEF5527766A8 /* Pods-flixter-flixterUITests.debug.xcconfig */,
				8D6CAFFE60FE925970146C25 /* Pods-flixter-flixterUITests.release.xcconfig */,
				943C435B9D82678C7ED1E824 /* Pods-flixterTests.debug.xcconfig */,
				403782357FA2869CB5C6293C /* Pods-flixterTests.release.xcconfig */,
			);
			path = Pods;
			sourceTree = "<group>";
		};
/* End PBXGroup section */

/* Begin PBXNativeTarget section */
		277FD981261A33BF007A8D9A /* flixter */ = {
			isa = PBXNativeTarget;
			buildConfigurationList = 277FD9AC261A33CC007A8D9A /* Build configuration list for PBXNativeTarget "flixter" */;
			buildPhases = (
				65E96BBC1F7E77BE344C781F /* [CP] Check Pods Manifest.lock */,
				277FD97E261A33BF007A8D9A /* Sources */,
				277FD97F261A33BF007A8D9A /* Frameworks */,
				277FD980261A33BF007A8D9A /* Resources */,
				155C7474000E0713F6BA85F1 /* [CP] Embed Pods Frameworks */,
			);
			buildRules = (
			);
			dependencies = (
			);
			name = flixter;
			productName = flixter;
			productReference = 277FD982261A33BF007A8D9A /* flixter.app */;
			productType = "com.apple.product-type.application";
		};
		277FD997261A33CC007A8D9A /* flixterTests */ = {
			isa = PBXNativeTarget;
			buildConfigurationList = 277FD9AF261A33CC007A8D9A /* Build configuration list for PBXNativeTarget "flixterTests" */;
			buildPhases = (
				27533F7AFE18FDB6141DF812 /* [CP] Check Pods Manifest.lock */,
				277FD994261A33CC007A8D9A /* Sources */,
				277FD995261A33CC007A8D9A /* Frameworks */,
				277FD996261A33CC007A8D9A /* Resources */,
			);
			buildRules = (
			);
			dependencies = (
				277FD99A261A33CC007A8D9A /* PBXTargetDependency */,
			);
			name = flixterTests;
			productName = flixterTests;
			productReference = 277FD998261A33CC007A8D9A /* flixterTests.xctest */;
			productType = "com.apple.product-type.bundle.unit-test";
		};
		277FD9A2261A33CC007A8D9A /* flixterUITests */ = {
			isa = PBXNativeTarget;
			buildConfigurationList = 277FD9B2261A33CC007A8D9A /* Build configuration list for PBXNativeTarget "flixterUITests" */;
			buildPhases = (
				C2E415E4AADFC95426334C0A /* [CP] Check Pods Manifest.lock */,
				277FD99F261A33CC007A8D9A /* Sources */,
				277FD9A0261A33CC007A8D9A /* Frameworks */,
				277FD9A1261A33CC007A8D9A /* Resources */,
				257E78F436E117819D0B654B /* [CP] Embed Pods Frameworks */,
			);
			buildRules = (
			);
			dependencies = (
				277FD9A5261A33CC007A8D9A /* PBXTargetDependency */,
			);
			name = flixterUITests;
			productName = flixterUITests;
			productReference = 277FD9A3261A33CC007A8D9A /* flixterUITests.xctest */;
			productType = "com.apple.product-type.bundle.ui-testing";
		};
/* End PBXNativeTarget section */

/* Begin PBXProject section */
		277FD97A261A33BF007A8D9A /* Project object */ = {
			isa = PBXProject;
			attributes = {
				LastSwiftUpdateCheck = 1240;
				LastUpgradeCheck = 1240;
				TargetAttributes = {
					277FD981261A33BF007A8D9A = {
						CreatedOnToolsVersion = 12.4;
					};
					277FD997261A33CC007A8D9A = {
						CreatedOnToolsVersion = 12.4;
						TestTargetID = 277FD981261A33BF007A8D9A;
					};
					277FD9A2261A33CC007A8D9A = {
						CreatedOnToolsVersion = 12.4;
						TestTargetID = 277FD981261A33BF007A8D9A;
					};
				};
			};
			buildConfigurationList = 277FD97D261A33BF007A8D9A /* Build configuration list for PBXProject "flixter" */;
			compatibilityVersion = "Xcode 9.3";
			developmentRegion = en;
			hasScannedForEncodings = 0;
			knownRegions = (
				en,
				Base,
			);
			mainGroup = 277FD979261A33BF007A8D9A;
			productRefGroup = 277FD983261A33BF007A8D9A /* Products */;
			projectDirPath = "";
			projectRoot = "";
			targets = (
				277FD981261A33BF007A8D9A /* flixter */,
				277FD997261A33CC007A8D9A /* flixterTests */,
				277FD9A2261A33CC007A8D9A /* flixterUITests */,
			);
		};
/* End PBXProject section */

/* Begin PBXResourcesBuildPhase section */
		277FD980261A33BF007A8D9A /* Resources */ = {
			isa = PBXResourcesBuildPhase;
			buildActionMask = 2147483647;
			files = (
				277FD992261A33CC007A8D9A /* LaunchScreen.storyboard in Resources */,
				277FD98F261A33CC007A8D9A /* Assets.xcassets in Resources */,
				277FD98D261A33BF007A8D9A /* Main.storyboard in Resources */,
			);
			runOnlyForDeploymentPostprocessing = 0;
		};
		277FD996261A33CC007A8D9A /* Resources */ = {
			isa = PBXResourcesBuildPhase;
			buildActionMask = 2147483647;
			files = (
			);
			runOnlyForDeploymentPostprocessing = 0;
		};
		277FD9A1261A33CC007A8D9A /* Resources */ = {
			isa = PBXResourcesBuildPhase;
			buildActionMask = 2147483647;
			files = (
			);
			runOnlyForDeploymentPostprocessing = 0;
		};
/* End PBXResourcesBuildPhase section */

/* Begin PBXShellScriptBuildPhase section */
		155C7474000E0713F6BA85F1 /* [CP] Embed Pods Frameworks */ = {
			isa = PBXShellScriptBuildPhase;
			buildActionMask = 2147483647;
			files = (
			);
			inputFileListPaths = (
				"${PODS_ROOT}/Target Support Files/Pods-flixter/Pods-flixter-frameworks-${CONFIGURATION}-input-files.xcfilelist",
			);
			name = "[CP] Embed Pods Frameworks";
			outputFileListPaths = (
				"${PODS_ROOT}/Target Support Files/Pods-flixter/Pods-flixter-frameworks-${CONFIGURATION}-output-files.xcfilelist",
			);
			runOnlyForDeploymentPostprocessing = 0;
			shellPath = /bin/sh;
			shellScript = "\"${PODS_ROOT}/Target Support Files/Pods-flixter/Pods-flixter-frameworks.sh\"\n";
			showEnvVarsInLog = 0;
		};
		257E78F436E117819D0B654B /* [CP] Embed Pods Frameworks */ = {
			isa = PBXShellScriptBuildPhase;
			buildActionMask = 2147483647;
			files = (
			);
			inputFileListPaths = (
				"${PODS_ROOT}/Target Support Files/Pods-flixter-flixterUITests/Pods-flixter-flixterUITests-frameworks-${CONFIGURATION}-input-files.xcfilelist",
			);
			name = "[CP] Embed Pods Frameworks";
			outputFileListPaths = (
				"${PODS_ROOT}/Target Support Files/Pods-flixter-flixterUITests/Pods-flixter-flixterUITests-frameworks-${CONFIGURATION}-output-files.xcfilelist",
			);
			runOnlyForDeploymentPostprocessing = 0;
			shellPath = /bin/sh;
			shellScript = "\"${PODS_ROOT}/Target Support Files/Pods-flixter-flixterUITests/Pods-flixter-flixterUITests-frameworks.sh\"\n";
			showEnvVarsInLog = 0;
		};
		27533F7AFE18FDB6141DF812 /* [CP] Check Pods Manifest.lock */ = {
			isa = PBXShellScriptBuildPhase;
			buildActionMask = 2147483647;
			files = (
			);
			inputFileListPaths = (
			);
			inputPaths = (
				"${PODS_PODFILE_DIR_PATH}/Podfile.lock",
				"${PODS_ROOT}/Manifest.lock",
			);
			name = "[CP] Check Pods Manifest.lock";
			outputFileListPaths = (
			);
			outputPaths = (
				"$(DERIVED_FILE_DIR)/Pods-flixterTests-checkManifestLockResult.txt",
			);
			runOnlyForDeploymentPostprocessing = 0;
			shellPath = /bin/sh;
			shellScript = "diff \"${PODS_PODFILE_DIR_PATH}/Podfile.lock\" \"${PODS_ROOT}/Manifest.lock\" > /dev/null\nif [ $? != 0 ] ; then\n    # print error to STDERR\n    echo \"error: The sandbox is not in sync with the Podfile.lock. Run 'pod install' or update your CocoaPods installation.\" >&2\n    exit 1\nfi\n# This output is used by Xcode 'outputs' to avoid re-running this script phase.\necho \"SUCCESS\" > \"${SCRIPT_OUTPUT_FILE_0}\"\n";
			showEnvVarsInLog = 0;
		};
		65E96BBC1F7E77BE344C781F /* [CP] Check Pods Manifest.lock */ = {
			isa = PBXShellScriptBuildPhase;
			buildActionMask = 2147483647;
			files = (
			);
			inputFileListPaths = (
			);
			inputPaths = (
				"${PODS_PODFILE_DIR_PATH}/Podfile.lock",
				"${PODS_ROOT}/Manifest.lock",
			);
			name = "[CP] Check Pods Manifest.lock";
			outputFileListPaths = (
			);
			outputPaths = (
				"$(DERIVED_FILE_DIR)/Pods-flixter-checkManifestLockResult.txt",
			);
			runOnlyForDeploymentPostprocessing = 0;
			shellPath = /bin/sh;
			shellScript = "diff \"${PODS_PODFILE_DIR_PATH}/Podfile.lock\" \"${PODS_ROOT}/Manifest.lock\" > /dev/null\nif [ $? != 0 ] ; then\n    # print error to STDERR\n    echo \"error: The sandbox is not in sync with the Podfile.lock. Run 'pod install' or update your CocoaPods installation.\" >&2\n    exit 1\nfi\n# This output is used by Xcode 'outputs' to avoid re-running this script phase.\necho \"SUCCESS\" > \"${SCRIPT_OUTPUT_FILE_0}\"\n";
			showEnvVarsInLog = 0;
		};
		C2E415E4AADFC95426334C0A /* [CP] Check Pods Manifest.lock */ = {
			isa = PBXShellScriptBuildPhase;
			buildActionMask = 2147483647;
			files = (
			);
			inputFileListPaths = (
			);
			inputPaths = (
				"${PODS_PODFILE_DIR_PATH}/Podfile.lock",
				"${PODS_ROOT}/Manifest.lock",
			);
			name = "[CP] Check Pods Manifest.lock";
			outputFileListPaths = (
			);
			outputPaths = (
				"$(DERIVED_FILE_DIR)/Pods-flixter-flixterUITests-checkManifestLockResult.txt",
			);
			runOnlyForDeploymentPostprocessing = 0;
			shellPath = /bin/sh;
			shellScript = "diff \"${PODS_PODFILE_DIR_PATH}/Podfile.lock\" \"${PODS_ROOT}/Manifest.lock\" > /dev/null\nif [ $? != 0 ] ; then\n    # print error to STDERR\n    echo \"error: The sandbox is not in sync with the Podfile.lock. Run 'pod install' or update your CocoaPods installation.\" >&2\n    exit 1\nfi\n# This output is used by Xcode 'outputs' to avoid re-running this script phase.\necho \"SUCCESS\" > \"${SCRIPT_OUTPUT_FILE_0}\"\n";
			showEnvVarsInLog = 0;
		};
/* End PBXShellScriptBuildPhase section */

/* Begin PBXSourcesBuildPhase section */
		277FD97E261A33BF007A8D9A /* Sources */ = {
			isa = PBXSourcesBuildPhase;
			buildActionMask = 2147483647;
			files = (
				27152234261BF47A00E5F03C /* MovieDetailsViewController.swift in Sources */,
				277FD986261A33BF007A8D9A /* AppDelegate.swift in Sources */,
				277FD988261A33BF007A8D9A /* SceneDelegate.swift in Sources */,
				277FD9C4261A5739007A8D9A /* MovieCell.swift in Sources */,
				277FD9BC261A363C007A8D9A /* MoviesViewController.swift in Sources */,
				27152239261E4A1600E5F03C /* MovieGridViewController.swift in Sources */,
				2715223E261E50B800E5F03C /* MovieGridCell.swift in Sources */,
			);
			runOnlyForDeploymentPostprocessing = 0;
		};
		277FD994261A33CC007A8D9A /* Sources */ = {
			isa = PBXSourcesBuildPhase;
			buildActionMask = 2147483647;
			files = (
				277FD99D261A33CC007A8D9A /* flixterTests.swift in Sources */,
			);
			runOnlyForDeploymentPostprocessing = 0;
		};
		277FD99F261A33CC007A8D9A /* Sources */ = {
			isa = PBXSourcesBuildPhase;
			buildActionMask = 2147483647;
			files = (
				277FD9A8261A33CC007A8D9A /* flixterUITests.swift in Sources */,
			);
			runOnlyForDeploymentPostprocessing = 0;
		};
/* End PBXSourcesBuildPhase section */

/* Begin PBXTargetDependency section */
		277FD99A261A33CC007A8D9A /* PBXTargetDependency */ = {
			isa = PBXTargetDependency;
			target = 277FD981261A33BF007A8D9A /* flixter */;
			targetProxy = 277FD999261A33CC007A8D9A /* PBXContainerItemProxy */;
		};
		277FD9A5261A33CC007A8D9A /* PBXTargetDependency */ = {
			isa = PBXTargetDependency;
			target = 277FD981261A33BF007A8D9A /* flixter */;
			targetProxy = 277FD9A4261A33CC007A8D9A /* PBXContainerItemProxy */;
		};
/* End PBXTargetDependency section */

/* Begin PBXVariantGroup section */
		277FD98B261A33BF007A8D9A /* Main.storyboard */ = {
			isa = PBXVariantGroup;
			children = (
				277FD98C261A33BF007A8D9A /* Base */,
			);
			name = Main.storyboard;
			sourceTree = "<group>";
		};
		277FD990261A33CC007A8D9A /* LaunchScreen.storyboard */ = {
			isa = PBXVariantGroup;
			children = (
				277FD991261A33CC007A8D9A /* Base */,
			);
			name = LaunchScreen.storyboard;
			sourceTree = "<group>";
		};
/* End PBXVariantGroup section */

/* Begin XCBuildConfiguration section */
		277FD9AA261A33CC007A8D9A /* Debug */ = {
			isa = XCBuildConfiguration;
			buildSettings = {
				ALWAYS_SEARCH_USER_PATHS = NO;
				CLANG_ANALYZER_NONNULL = YES;
				CLANG_ANALYZER_NUMBER_OBJECT_CONVERSION = YES_AGGRESSIVE;
				CLANG_CXX_LANGUAGE_STANDARD = "gnu++14";
				CLANG_CXX_LIBRARY = "libc++";
				CLANG_ENABLE_MODULES = YES;
				CLANG_ENABLE_OBJC_ARC = YES;
				CLANG_ENABLE_OBJC_WEAK = YES;
				CLANG_WARN_BLOCK_CAPTURE_AUTORELEASING = YES;
				CLANG_WARN_BOOL_CONVERSION = YES;
				CLANG_WARN_COMMA = YES;
				CLANG_WARN_CONSTANT_CONVERSION = YES;
				CLANG_WARN_DEPRECATED_OBJC_IMPLEMENTATIONS = YES;
				CLANG_WARN_DIRECT_OBJC_ISA_USAGE = YES_ERROR;
				CLANG_WARN_DOCUMENTATION_COMMENTS = YES;
				CLANG_WARN_EMPTY_BODY = YES;
				CLANG_WARN_ENUM_CONVERSION = YES;
				CLANG_WARN_INFINITE_RECURSION = YES;
				CLANG_WARN_INT_CONVERSION = YES;
				CLANG_WARN_NON_LITERAL_NULL_CONVERSION = YES;
				CLANG_WARN_OBJC_IMPLICIT_RETAIN_SELF = YES;
				CLANG_WARN_OBJC_LITERAL_CONVERSION = YES;
				CLANG_WARN_OBJC_ROOT_CLASS = YES_ERROR;
				CLANG_WARN_QUOTED_INCLUDE_IN_FRAMEWORK_HEADER = YES;
				CLANG_WARN_RANGE_LOOP_ANALYSIS = YES;
				CLANG_WARN_STRICT_PROTOTYPES = YES;
				CLANG_WARN_SUSPICIOUS_MOVE = YES;
				CLANG_WARN_UNGUARDED_AVAILABILITY = YES_AGGRESSIVE;
				CLANG_WARN_UNREACHABLE_CODE = YES;
				CLANG_WARN__DUPLICATE_METHOD_MATCH = YES;
				COPY_PHASE_STRIP = NO;
				DEBUG_INFORMATION_FORMAT = dwarf;
				ENABLE_STRICT_OBJC_MSGSEND = YES;
				ENABLE_TESTABILITY = YES;
				GCC_C_LANGUAGE_STANDARD = gnu11;
				GCC_DYNAMIC_NO_PIC = NO;
				GCC_NO_COMMON_BLOCKS = YES;
				GCC_OPTIMIZATION_LEVEL = 0;
				GCC_PREPROCESSOR_DEFINITIONS = (
					"DEBUG=1",
					"$(inherited)",
				);
				GCC_WARN_64_TO_32_BIT_CONVERSION = YES;
				GCC_WARN_ABOUT_RETURN_TYPE = YES_ERROR;
				GCC_WARN_UNDECLARED_SELECTOR = YES;
				GCC_WARN_UNINITIALIZED_AUTOS = YES_AGGRESSIVE;
				GCC_WARN_UNUSED_FUNCTION = YES;
				GCC_WARN_UNUSED_VARIABLE = YES;
				IPHONEOS_DEPLOYMENT_TARGET = 14.4;
				MTL_ENABLE_DEBUG_INFO = INCLUDE_SOURCE;
				MTL_FAST_MATH = YES;
				ONLY_ACTIVE_ARCH = YES;
				SDKROOT = iphoneos;
				SWIFT_ACTIVE_COMPILATION_CONDITIONS = DEBUG;
				SWIFT_OPTIMIZATION_LEVEL = "-Onone";
			};
			name = Debug;
		};
		277FD9AB261A33CC007A8D9A /* Release */ = {
			isa = XCBuildConfiguration;
			buildSettings = {
				ALWAYS_SEARCH_USER_PATHS = NO;
				CLANG_ANALYZER_NONNULL = YES;
				CLANG_ANALYZER_NUMBER_OBJECT_CONVERSION = YES_AGGRESSIVE;
				CLANG_CXX_LANGUAGE_STANDARD = "gnu++14";
				CLANG_CXX_LIBRARY = "libc++";
				CLANG_ENABLE_MODULES = YES;
				CLANG_ENABLE_OBJC_ARC = YES;
				CLANG_ENABLE_OBJC_WEAK = YES;
				CLANG_WARN_BLOCK_CAPTURE_AUTORELEASING = YES;
				CLANG_WARN_BOOL_CONVERSION = YES;
				CLANG_WARN_COMMA = YES;
				CLANG_WARN_CONSTANT_CONVERSION = YES;
				CLANG_WARN_DEPRECATED_OBJC_IMPLEMENTATIONS = YES;
				CLANG_WARN_DIRECT_OBJC_ISA_USAGE = YES_ERROR;
				CLANG_WARN_DOCUMENTATION_COMMENTS = YES;
				CLANG_WARN_EMPTY_BODY = YES;
				CLANG_WARN_ENUM_CONVERSION = YES;
				CLANG_WARN_INFINITE_RECURSION = YES;
				CLANG_WARN_INT_CONVERSION = YES;
				CLANG_WARN_NON_LITERAL_NULL_CONVERSION = YES;
				CLANG_WARN_OBJC_IMPLICIT_RETAIN_SELF = YES;
				CLANG_WARN_OBJC_LITERAL_CONVERSION = YES;
				CLANG_WARN_OBJC_ROOT_CLASS = YES_ERROR;
				CLANG_WARN_QUOTED_INCLUDE_IN_FRAMEWORK_HEADER = YES;
				CLANG_WARN_RANGE_LOOP_ANALYSIS = YES;
				CLANG_WARN_STRICT_PROTOTYPES = YES;
				CLANG_WARN_SUSPICIOUS_MOVE = YES;
				CLANG_WARN_UNGUARDED_AVAILABILITY = YES_AGGRESSIVE;
				CLANG_WARN_UNREACHABLE_CODE = YES;
				CLANG_WARN__DUPLICATE_METHOD_MATCH = YES;
				COPY_PHASE_STRIP = NO;
				DEBUG_INFORMATION_FORMAT = "dwarf-with-dsym";
				ENABLE_NS_ASSERTIONS = NO;
				ENABLE_STRICT_OBJC_MSGSEND = YES;
				GCC_C_LANGUAGE_STANDARD = gnu11;
				GCC_NO_COMMON_BLOCKS = YES;
				GCC_WARN_64_TO_32_BIT_CONVERSION = YES;
				GCC_WARN_ABOUT_RETURN_TYPE = YES_ERROR;
				GCC_WARN_UNDECLARED_SELECTOR = YES;
				GCC_WARN_UNINITIALIZED_AUTOS = YES_AGGRESSIVE;
				GCC_WARN_UNUSED_FUNCTION = YES;
				GCC_WARN_UNUSED_VARIABLE = YES;
				IPHONEOS_DEPLOYMENT_TARGET = 14.4;
				MTL_ENABLE_DEBUG_INFO = NO;
				MTL_FAST_MATH = YES;
				SDKROOT = iphoneos;
				SWIFT_COMPILATION_MODE = wholemodule;
				SWIFT_OPTIMIZATION_LEVEL = "-O";
				VALIDATE_PRODUCT = YES;
			};
			name = Release;
		};
		277FD9AD261A33CC007A8D9A /* Debug */ = {
			isa = XCBuildConfiguration;
			baseConfigurationReference = 5BAF2742F126B20388009945 /* Pods-flixter.debug.xcconfig */;
			buildSettings = {
				ASSETCATALOG_COMPILER_APPICON_NAME = AppIcon;
				ASSETCATALOG_COMPILER_GLOBAL_ACCENT_COLOR_NAME = AccentColor;
				CODE_SIGN_STYLE = Automatic;
				INFOPLIST_FILE = flixter/Info.plist;
				LD_RUNPATH_SEARCH_PATHS = (
					"$(inherited)",
					"@executable_path/Frameworks",
				);
				PRODUCT_BUNDLE_IDENTIFIER = vrcodepath.flixter;
				PRODUCT_NAME = "$(TARGET_NAME)";
				SWIFT_VERSION = 5.0;
				TARGETED_DEVICE_FAMILY = "1,2";
			};
			name = Debug;
		};
		277FD9AE261A33CC007A8D9A /* Release */ = {
			isa = XCBuildConfiguration;
			baseConfigurationReference = 7056328638CD8CA9AC0B460B /* Pods-flixter.release.xcconfig */;
			buildSettings = {
				ASSETCATALOG_COMPILER_APPICON_NAME = AppIcon;
				ASSETCATALOG_COMPILER_GLOBAL_ACCENT_COLOR_NAME = AccentColor;
				CODE_SIGN_STYLE = Automatic;
				INFOPLIST_FILE = flixter/Info.plist;
				LD_RUNPATH_SEARCH_PATHS = (
					"$(inherited)",
					"@executable_path/Frameworks",
				);
				PRODUCT_BUNDLE_IDENTIFIER = vrcodepath.flixter;
				PRODUCT_NAME = "$(TARGET_NAME)";
				SWIFT_VERSION = 5.0;
				TARGETED_DEVICE_FAMILY = "1,2";
			};
			name = Release;
		};
		277FD9B0261A33CC007A8D9A /* Debug */ = {
			isa = XCBuildConfiguration;
			baseConfigurationReference = 943C435B9D82678C7ED1E824 /* Pods-flixterTests.debug.xcconfig */;
			buildSettings = {
				ALWAYS_EMBED_SWIFT_STANDARD_LIBRARIES = YES;
				BUNDLE_LOADER = "$(TEST_HOST)";
				CODE_SIGN_STYLE = Automatic;
				INFOPLIST_FILE = flixterTests/Info.plist;
				IPHONEOS_DEPLOYMENT_TARGET = 14.4;
				LD_RUNPATH_SEARCH_PATHS = (
					"$(inherited)",
					"@executable_path/Frameworks",
					"@loader_path/Frameworks",
				);
				PRODUCT_BUNDLE_IDENTIFIER = vrcodepath.flixterTests;
				PRODUCT_NAME = "$(TARGET_NAME)";
				SWIFT_VERSION = 5.0;
				TARGETED_DEVICE_FAMILY = "1,2";
				TEST_HOST = "$(BUILT_PRODUCTS_DIR)/flixter.app/flixter";
			};
			name = Debug;
		};
		277FD9B1261A33CC007A8D9A /* Release */ = {
			isa = XCBuildConfiguration;
			baseConfigurationReference = 403782357FA2869CB5C6293C /* Pods-flixterTests.release.xcconfig */;
			buildSettings = {
				ALWAYS_EMBED_SWIFT_STANDARD_LIBRARIES = YES;
				BUNDLE_LOADER = "$(TEST_HOST)";
				CODE_SIGN_STYLE = Automatic;
				INFOPLIST_FILE = flixterTests/Info.plist;
				IPHONEOS_DEPLOYMENT_TARGET = 14.4;
				LD_RUNPATH_SEARCH_PATHS = (
					"$(inherited)",
					"@executable_path/Frameworks",
					"@loader_path/Frameworks",
				);
				PRODUCT_BUNDLE_IDENTIFIER = vrcodepath.flixterTests;
				PRODUCT_NAME = "$(TARGET_NAME)";
				SWIFT_VERSION = 5.0;
				TARGETED_DEVICE_FAMILY = "1,2";
				TEST_HOST = "$(BUILT_PRODUCTS_DIR)/flixter.app/flixter";
			};
			name = Release;
		};
		277FD9B3261A33CC007A8D9A /* Debug */ = {
			isa = XCBuildConfiguration;
			baseConfigurationReference = 4227C588018BAEF5527766A8 /* Pods-flixter-flixterUITests.debug.xcconfig */;
			buildSettings = {
				ALWAYS_EMBED_SWIFT_STANDARD_LIBRARIES = YES;
				CODE_SIGN_STYLE = Automatic;
				INFOPLIST_FILE = flixterUITests/Info.plist;
				LD_RUNPATH_SEARCH_PATHS = (
					"$(inherited)",
					"@executable_path/Frameworks",
					"@loader_path/Frameworks",
				);
				PRODUCT_BUNDLE_IDENTIFIER = vrcodepath.flixterUITests;
				PRODUCT_NAME = "$(TARGET_NAME)";
				SWIFT_VERSION = 5.0;
				TARGETED_DEVICE_FAMILY = "1,2";
				TEST_TARGET_NAME = flixter;
			};
			name = Debug;
		};
		277FD9B4261A33CC007A8D9A /* Release */ = {
			isa = XCBuildConfiguration;
			baseConfigurationReference = 8D6CAFFE60FE925970146C25 /* Pods-flixter-flixterUITests.release.xcconfig */;
			buildSettings = {
				ALWAYS_EMBED_SWIFT_STANDARD_LIBRARIES = YES;
				CODE_SIGN_STYLE = Automatic;
				INFOPLIST_FILE = flixterUITests/Info.plist;
				LD_RUNPATH_SEARCH_PATHS = (
					"$(inherited)",
					"@executable_path/Frameworks",
					"@loader_path/Frameworks",
				);
				PRODUCT_BUNDLE_IDENTIFIER = vrcodepath.flixterUITests;
				PRODUCT_NAME = "$(TARGET_NAME)";
				SWIFT_VERSION = 5.0;
				TARGETED_DEVICE_FAMILY = "1,2";
				TEST_TARGET_NAME = flixter;
			};
			name = Release;
		};
/* End XCBuildConfiguration section */

/* Begin XCConfigurationList section */
		277FD97D261A33BF007A8D9A /* Build configuration list for PBXProject "flixter" */ = {
			isa = XCConfigurationList;
			buildConfigurations = (
				277FD9AA261A33CC007A8D9A /* Debug */,
				277FD9AB261A33CC007A8D9A /* Release */,
			);
			defaultConfigurationIsVisible = 0;
			defaultConfigurationName = Release;
		};
		277FD9AC261A33CC007A8D9A /* Build configuration list for PBXNativeTarget "flixter" */ = {
			isa = XCConfigurationList;
			buildConfigurations = (
				277FD9AD261A33CC007A8D9A /* Debug */,
				277FD9AE261A33CC007A8D9A /* Release */,
			);
			defaultConfigurationIsVisible = 0;
			defaultConfigurationName = Release;
		};
		277FD9AF261A33CC007A8D9A /* Build configuration list for PBXNativeTarget "flixterTests" */ = {
			isa = XCConfigurationList;
			buildConfigurations = (
				277FD9B0261A33CC007A8D9A /* Debug */,
				277FD9B1261A33CC007A8D9A /* Release */,
			);
			defaultConfigurationIsVisible = 0;
			defaultConfigurationName = Release;
		};
		277FD9B2261A33CC007A8D9A /* Build configuration list for PBXNativeTarget "flixterUITests" */ = {
			isa = XCConfigurationList;
			buildConfigurations = (
				277FD9B3261A33CC007A8D9A /* Debug */,
				277FD9B4261A33CC007A8D9A /* Release */,
			);
			defaultConfigurationIsVisible = 0;
			defaultConfigurationName = Release;
		};
/* End XCConfigurationList section */
	};
	rootObject = 277FD97A261A33BF007A8D9A /* Project object */;
}
